// !$*UTF8*$!
{
	archiveVersion = 1;
	classes = {
	};
	objectVersion = 56;
	objects = {

/* Begin PBXBuildFile section */
		F6AE05C3295380F50031021A /* AppDelegate.swift in Sources */ = {isa = PBXBuildFile; fileRef = F6AE05C2295380F50031021A /* AppDelegate.swift */; };
		F6AE05C5295380F50031021A /* SceneDelegate.swift in Sources */ = {isa = PBXBuildFile; fileRef = F6AE05C4295380F50031021A /* SceneDelegate.swift */; };
		F6AE05C7295380F50031021A /* ViewController.swift in Sources */ = {isa = PBXBuildFile; fileRef = F6AE05C6295380F50031021A /* ViewController.swift */; };
		F6AE05CA295380F50031021A /* Main.storyboard in Resources */ = {isa = PBXBuildFile; fileRef = F6AE05C8295380F50031021A /* Main.storyboard */; };
		F6AE05CC295380F70031021A /* Assets.xcassets in Resources */ = {isa = PBXBuildFile; fileRef = F6AE05CB295380F70031021A /* Assets.xcassets */; };
		F6AE05CF295380F70031021A /* LaunchScreen.storyboard in Resources */ = {isa = PBXBuildFile; fileRef = F6AE05CD295380F70031021A /* LaunchScreen.storyboard */; };
		F6AE05DF295381C10031021A /* SnapshotTestsTests.swift in Sources */ = {isa = PBXBuildFile; fileRef = F6AE05DE295381C10031021A /* SnapshotTestsTests.swift */; };
		F6AE05E8295381EE0031021A /* TestingAppDelegate.swift in Sources */ = {isa = PBXBuildFile; fileRef = F6AE05E6295381E50031021A /* TestingAppDelegate.swift */; };
		F6AE05EB295382090031021A /* main.swift in Sources */ = {isa = PBXBuildFile; fileRef = F6AE05EA295382090031021A /* main.swift */; };
		F6AEE9BA295C0BF500DB0364 /* snapshots in Resources */ = {isa = PBXBuildFile; fileRef = F6AEE9B9295C0BF500DB0364 /* snapshots */; };
/* End PBXBuildFile section */

/* Begin PBXContainerItemProxy section */
		F6AE05E0295381C10031021A /* PBXContainerItemProxy */ = {
			isa = PBXContainerItemProxy;
			containerPortal = F6AE05B7295380F50031021A /* Project object */;
			proxyType = 1;
			remoteGlobalIDString = F6AE05BE295380F50031021A;
			remoteInfo = SnapshotTests;
		};
/* End PBXContainerItemProxy section */

/* Begin PBXFileReference section */
		F6AE05BF295380F50031021A /* SnapshotTests.app */ = {isa = PBXFileReference; explicitFileType = wrapper.application; includeInIndex = 0; path = SnapshotTests.app; sourceTree = BUILT_PRODUCTS_DIR; };
		F6AE05C2295380F50031021A /* AppDelegate.swift */ = {isa = PBXFileReference; lastKnownFileType = sourcecode.swift; path = AppDelegate.swift; sourceTree = "<group>"; };
		F6AE05C4295380F50031021A /* SceneDelegate.swift */ = {isa = PBXFileReference; lastKnownFileType = sourcecode.swift; path = SceneDelegate.swift; sourceTree = "<group>"; };
		F6AE05C6295380F50031021A /* ViewController.swift */ = {isa = PBXFileReference; lastKnownFileType = sourcecode.swift; path = ViewController.swift; sourceTree = "<group>"; };
		F6AE05C9295380F50031021A /* Base */ = {isa = PBXFileReference; lastKnownFileType = file.storyboard; name = Base; path = Base.lproj/Main.storyboard; sourceTree = "<group>"; };
		F6AE05CB295380F70031021A /* Assets.xcassets */ = {isa = PBXFileReference; lastKnownFileType = folder.assetcatalog; path = Assets.xcassets; sourceTree = "<group>"; };
		F6AE05CE295380F70031021A /* Base */ = {isa = PBXFileReference; lastKnownFileType = file.storyboard; name = Base; path = Base.lproj/LaunchScreen.storyboard; sourceTree = "<group>"; };
		F6AE05D0295380F70031021A /* Info.plist */ = {isa = PBXFileReference; lastKnownFileType = text.plist.xml; path = Info.plist; sourceTree = "<group>"; };
		F6AE05DC295381C10031021A /* SnapshotTestsTests.xctest */ = {isa = PBXFileReference; explicitFileType = wrapper.cfbundle; includeInIndex = 0; path = SnapshotTestsTests.xctest; sourceTree = BUILT_PRODUCTS_DIR; };
		F6AE05DE295381C10031021A /* SnapshotTestsTests.swift */ = {isa = PBXFileReference; lastKnownFileType = sourcecode.swift; path = SnapshotTestsTests.swift; sourceTree = "<group>"; };
		F6AE05E6295381E50031021A /* TestingAppDelegate.swift */ = {isa = PBXFileReference; lastKnownFileType = sourcecode.swift; path = TestingAppDelegate.swift; sourceTree = "<group>"; };
		F6AE05EA295382090031021A /* main.swift */ = {isa = PBXFileReference; lastKnownFileType = sourcecode.swift; path = main.swift; sourceTree = "<group>"; };
		F6AEE9B9295C0BF500DB0364 /* snapshots */ = {isa = PBXFileReference; lastKnownFileType = folder; name = snapshots; path = Views/snapshots; sourceTree = "<group>"; };
/* End PBXFileReference section */

/* Begin PBXFrameworksBuildPhase section */
		F6AE05BC295380F50031021A /* Frameworks */ = {
			isa = PBXFrameworksBuildPhase;
			buildActionMask = 2147483647;
			files = (
			);
			runOnlyForDeploymentPostprocessing = 0;
		};
		F6AE05D9295381C10031021A /* Frameworks */ = {
			isa = PBXFrameworksBuildPhase;
			buildActionMask = 2147483647;
			files = (
			);
			runOnlyForDeploymentPostprocessing = 0;
		};
/* End PBXFrameworksBuildPhase section */

/* Begin PBXGroup section */
		F6AE05B6295380F50031021A = {
			isa = PBXGroup;
			children = (
				F6AE05C1295380F50031021A /* SnapshotTests */,
				F6AE05DD295381C10031021A /* SnapshotTestsTests */,
				F6AE05C0295380F50031021A /* Products */,
			);
			sourceTree = "<group>";
		};
		F6AE05C0295380F50031021A /* Products */ = {
			isa = PBXGroup;
			children = (
				F6AE05BF295380F50031021A /* SnapshotTests.app */,
				F6AE05DC295381C10031021A /* SnapshotTestsTests.xctest */,
			);
			name = Products;
			sourceTree = "<group>";
		};
		F6AE05C1295380F50031021A /* SnapshotTests */ = {
			isa = PBXGroup;
			children = (
				F6AE05D72953815F0031021A /* Initial */,
				F6AE05D6295381520031021A /* Views */,
				F6AE05CB295380F70031021A /* Assets.xcassets */,
				F6AE05D0295380F70031021A /* Info.plist */,
			);
			path = SnapshotTests;
			sourceTree = "<group>";
		};
		F6AE05D6295381520031021A /* Views */ = {
			isa = PBXGroup;
			children = (
				F6AE05C6295380F50031021A /* ViewController.swift */,
				F6AE05C8295380F50031021A /* Main.storyboard */,
				F6AE05CD295380F70031021A /* LaunchScreen.storyboard */,
			);
			path = Views;
			sourceTree = "<group>";
		};
		F6AE05D72953815F0031021A /* Initial */ = {
			isa = PBXGroup;
			children = (
				F6AE05C2295380F50031021A /* AppDelegate.swift */,
				F6AE05C4295380F50031021A /* SceneDelegate.swift */,
				F6AE05EA295382090031021A /* main.swift */,
			);
			path = Initial;
			sourceTree = "<group>";
		};
		F6AE05DD295381C10031021A /* SnapshotTestsTests */ = {
			isa = PBXGroup;
			children = (
				F6AEE9B9295C0BF500DB0364 /* snapshots */,
				F6AE05E9295381F40031021A /* Initial */,
				F6AE05E5295381DB0031021A /* Views */,
			);
			path = SnapshotTestsTests;
			sourceTree = "<group>";
		};
		F6AE05E5295381DB0031021A /* Views */ = {
			isa = PBXGroup;
			children = (
				F6AE05DE295381C10031021A /* SnapshotTestsTests.swift */,
			);
			path = Views;
			sourceTree = "<group>";
		};
		F6AE05E9295381F40031021A /* Initial */ = {
			isa = PBXGroup;
			children = (
				F6AE05E6295381E50031021A /* TestingAppDelegate.swift */,
			);
			path = Initial;
			sourceTree = "<group>";
		};
/* End PBXGroup section */

/* Begin PBXNativeTarget section */
		F6AE05BE295380F50031021A /* SnapshotTests */ = {
			isa = PBXNativeTarget;
			buildConfigurationList = F6AE05D3295380F70031021A /* Build configuration list for PBXNativeTarget "SnapshotTests" */;
			buildPhases = (
				F6AE05BB295380F50031021A /* Sources */,
				F6AE05BC295380F50031021A /* Frameworks */,
				F6AE05BD295380F50031021A /* Resources */,
			);
			buildRules = (
			);
			dependencies = (
			);
			name = SnapshotTests;
			productName = SnapshotTests;
			productReference = F6AE05BF295380F50031021A /* SnapshotTests.app */;
			productType = "com.apple.product-type.application";
		};
		F6AE05DB295381C10031021A /* SnapshotTestsTests */ = {
			isa = PBXNativeTarget;
			buildConfigurationList = F6AE05E2295381C10031021A /* Build configuration list for PBXNativeTarget "SnapshotTestsTests" */;
			buildPhases = (
				F6AE05D8295381C10031021A /* Sources */,
				F6AE05D9295381C10031021A /* Frameworks */,
				F6AE05DA295381C10031021A /* Resources */,
			);
			buildRules = (
			);
			dependencies = (
				F6AE05E1295381C10031021A /* PBXTargetDependency */,
			);
			name = SnapshotTestsTests;
			productName = SnapshotTestsTests;
			productReference = F6AE05DC295381C10031021A /* SnapshotTestsTests.xctest */;
			productType = "com.apple.product-type.bundle.unit-test";
		};
/* End PBXNativeTarget section */

/* Begin PBXProject section */
		F6AE05B7295380F50031021A /* Project object */ = {
			isa = PBXProject;
			attributes = {
				BuildIndependentTargetsInParallel = 1;
				LastSwiftUpdateCheck = 1410;
				LastUpgradeCheck = 1410;
				TargetAttributes = {
					F6AE05BE295380F50031021A = {
						CreatedOnToolsVersion = 14.1;
					};
					F6AE05DB295381C10031021A = {
						CreatedOnToolsVersion = 14.1;
						TestTargetID = F6AE05BE295380F50031021A;
					};
				};
			};
			buildConfigurationList = F6AE05BA295380F50031021A /* Build configuration list for PBXProject "SnapshotTests" */;
			compatibilityVersion = "Xcode 14.0";
			developmentRegion = en;
			hasScannedForEncodings = 0;
			knownRegions = (
				en,
				Base,
			);
			mainGroup = F6AE05B6295380F50031021A;
			productRefGroup = F6AE05C0295380F50031021A /* Products */;
			projectDirPath = "";
			projectRoot = "";
			targets = (
				F6AE05BE295380F50031021A /* SnapshotTests */,
				F6AE05DB295381C10031021A /* SnapshotTestsTests */,
			);
		};
/* End PBXProject section */

/* Begin PBXResourcesBuildPhase section */
		F6AE05BD295380F50031021A /* Resources */ = {
			isa = PBXResourcesBuildPhase;
			buildActionMask = 2147483647;
			files = (
				F6AE05CF295380F70031021A /* LaunchScreen.storyboard in Resources */,
				F6AE05CC295380F70031021A /* Assets.xcassets in Resources */,
				F6AE05CA295380F50031021A /* Main.storyboard in Resources */,
			);
			runOnlyForDeploymentPostprocessing = 0;
		};
		F6AE05DA295381C10031021A /* Resources */ = {
			isa = PBXResourcesBuildPhase;
			buildActionMask = 2147483647;
			files = (
				F6AEE9BA295C0BF500DB0364 /* snapshots in Resources */,
			);
			runOnlyForDeploymentPostprocessing = 0;
		};
/* End PBXResourcesBuildPhase section */

/* Begin PBXSourcesBuildPhase section */
		F6AE05BB295380F50031021A /* Sources */ = {
			isa = PBXSourcesBuildPhase;
			buildActionMask = 2147483647;
			files = (
				F6AE05C7295380F50031021A /* ViewController.swift in Sources */,
				F6AE05C3295380F50031021A /* AppDelegate.swift in Sources */,
				F6AE05EB295382090031021A /* main.swift in Sources */,
				F6AE05C5295380F50031021A /* SceneDelegate.swift in Sources */,
			);
			runOnlyForDeploymentPostprocessing = 0;
		};
		F6AE05D8295381C10031021A /* Sources */ = {
			isa = PBXSourcesBuildPhase;
			buildActionMask = 2147483647;
			files = (
				F6AE05DF295381C10031021A /* SnapshotTestsTests.swift in Sources */,
				F6AE05E8295381EE0031021A /* TestingAppDelegate.swift in Sources */,
			);
			runOnlyForDeploymentPostprocessing = 0;
		};
/* End PBXSourcesBuildPhase section */

/* Begin PBXTargetDependency section */
		F6AE05E1295381C10031021A /* PBXTargetDependency */ = {
			isa = PBXTargetDependency;
			target = F6AE05BE295380F50031021A /* SnapshotTests */;
			targetProxy = F6AE05E0295381C10031021A /* PBXContainerItemProxy */;
		};
/* End PBXTargetDependency section */

/* Begin PBXVariantGroup section */
		F6AE05C8295380F50031021A /* Main.storyboard */ = {
			isa = PBXVariantGroup;
			children = (
				F6AE05C9295380F50031021A /* Base */,
			);
			name = Main.storyboard;
			sourceTree = "<group>";
		};
		F6AE05CD295380F70031021A /* LaunchScreen.storyboard */ = {
			isa = PBXVariantGroup;
			children = (
				F6AE05CE295380F70031021A /* Base */,
			);
			name = LaunchScreen.storyboard;
			sourceTree = "<group>";
		};
/* End PBXVariantGroup section */

/* Begin XCBuildConfiguration section */
		F6AE05D1295380F70031021A /* Debug */ = {
			isa = XCBuildConfiguration;
			buildSettings = {
				ALWAYS_SEARCH_USER_PATHS = NO;
				CLANG_ANALYZER_NONNULL = YES;
				CLANG_ANALYZER_NUMBER_OBJECT_CONVERSION = YES_AGGRESSIVE;
				CLANG_CXX_LANGUAGE_STANDARD = "gnu++20";
				CLANG_ENABLE_MODULES = YES;
				CLANG_ENABLE_OBJC_ARC = YES;
				CLANG_ENABLE_OBJC_WEAK = YES;
				CLANG_WARN_BLOCK_CAPTURE_AUTORELEASING = YES;
				CLANG_WARN_BOOL_CONVERSION = YES;
				CLANG_WARN_COMMA = YES;
				CLANG_WARN_CONSTANT_CONVERSION = YES;
				CLANG_WARN_DEPRECATED_OBJC_IMPLEMENTATIONS = YES;
				CLANG_WARN_DIRECT_OBJC_ISA_USAGE = YES_ERROR;
				CLANG_WARN_DOCUMENTATION_COMMENTS = YES;
				CLANG_WARN_EMPTY_BODY = YES;
				CLANG_WARN_ENUM_CONVERSION = YES;
				CLANG_WARN_INFINITE_RECURSION = YES;
				CLANG_WARN_INT_CONVERSION = YES;
				CLANG_WARN_NON_LITERAL_NULL_CONVERSION = YES;
				CLANG_WARN_OBJC_IMPLICIT_RETAIN_SELF = YES;
				CLANG_WARN_OBJC_LITERAL_CONVERSION = YES;
				CLANG_WARN_OBJC_ROOT_CLASS = YES_ERROR;
				CLANG_WARN_QUOTED_INCLUDE_IN_FRAMEWORK_HEADER = YES;
				CLANG_WARN_RANGE_LOOP_ANALYSIS = YES;
				CLANG_WARN_STRICT_PROTOTYPES = YES;
				CLANG_WARN_SUSPICIOUS_MOVE = YES;
				CLANG_WARN_UNGUARDED_AVAILABILITY = YES_AGGRESSIVE;
				CLANG_WARN_UNREACHABLE_CODE = YES;
				CLANG_WARN__DUPLICATE_METHOD_MATCH = YES;
				COPY_PHASE_STRIP = NO;
				DEBUG_INFORMATION_FORMAT = dwarf;
				ENABLE_STRICT_OBJC_MSGSEND = YES;
				ENABLE_TESTABILITY = YES;
				GCC_C_LANGUAGE_STANDARD = gnu11;
				GCC_DYNAMIC_NO_PIC = NO;
				GCC_NO_COMMON_BLOCKS = YES;
				GCC_OPTIMIZATION_LEVEL = 0;
				GCC_PREPROCESSOR_DEFINITIONS = (
					"DEBUG=1",
					"$(inherited)",
				);
				GCC_WARN_64_TO_32_BIT_CONVERSION = YES;
				GCC_WARN_ABOUT_RETURN_TYPE = YES_ERROR;
				GCC_WARN_UNDECLARED_SELECTOR = YES;
				GCC_WARN_UNINITIALIZED_AUTOS = YES_AGGRESSIVE;
				GCC_WARN_UNUSED_FUNCTION = YES;
				GCC_WARN_UNUSED_VARIABLE = YES;
				IPHONEOS_DEPLOYMENT_TARGET = 14.0;
				MTL_ENABLE_DEBUG_INFO = INCLUDE_SOURCE;
				MTL_FAST_MATH = YES;
				ONLY_ACTIVE_ARCH = YES;
				SDKROOT = iphoneos;
				SWIFT_ACTIVE_COMPILATION_CONDITIONS = DEBUG;
				SWIFT_OPTIMIZATION_LEVEL = "-Onone";
			};
			name = Debug;
		};
		F6AE05D2295380F70031021A /* Release */ = {
			isa = XCBuildConfiguration;
			buildSettings = {
				ALWAYS_SEARCH_USER_PATHS = NO;
				CLANG_ANALYZER_NONNULL = YES;
				CLANG_ANALYZER_NUMBER_OBJECT_CONVERSION = YES_AGGRESSIVE;
				CLANG_CXX_LANGUAGE_STANDARD = "gnu++20";
				CLANG_ENABLE_MODULES = YES;
				CLANG_ENABLE_OBJC_ARC = YES;
				CLANG_ENABLE_OBJC_WEAK = YES;
				CLANG_WARN_BLOCK_CAPTURE_AUTORELEASING = YES;
				CLANG_WARN_BOOL_CONVERSION = YES;
				CLANG_WARN_COMMA = YES;
				CLANG_WARN_CONSTANT_CONVERSION = YES;
				CLANG_WARN_DEPRECATED_OBJC_IMPLEMENTATIONS = YES;
				CLANG_WARN_DIRECT_OBJC_ISA_USAGE = YES_ERROR;
				CLANG_WARN_DOCUMENTATION_COMMENTS = YES;
				CLANG_WARN_EMPTY_BODY = YES;
				CLANG_WARN_ENUM_CONVERSION = YES;
				CLANG_WARN_INFINITE_RECURSION = YES;
				CLANG_WARN_INT_CONVERSION = YES;
				CLANG_WARN_NON_LITERAL_NULL_CONVERSION = YES;
				CLANG_WARN_OBJC_IMPLICIT_RETAIN_SELF = YES;
				CLANG_WARN_OBJC_LITERAL_CONVERSION = YES;
				CLANG_WARN_OBJC_ROOT_CLASS = YES_ERROR;
				CLANG_WARN_QUOTED_INCLUDE_IN_FRAMEWORK_HEADER = YES;
				CLANG_WARN_RANGE_LOOP_ANALYSIS = YES;
				CLANG_WARN_STRICT_PROTOTYPES = YES;
				CLANG_WARN_SUSPICIOUS_MOVE = YES;
				CLANG_WARN_UNGUARDED_AVAILABILITY = YES_AGGRESSIVE;
				CLANG_WARN_UNREACHABLE_CODE = YES;
				CLANG_WARN__DUPLICATE_METHOD_MATCH = YES;
				COPY_PHASE_STRIP = NO;
				DEBUG_INFORMATION_FORMAT = "dwarf-with-dsym";
				ENABLE_NS_ASSERTIONS = NO;
				ENABLE_STRICT_OBJC_MSGSEND = YES;
				GCC_C_LANGUAGE_STANDARD = gnu11;
				GCC_NO_COMMON_BLOCKS = YES;
				GCC_WARN_64_TO_32_BIT_CONVERSION = YES;
				GCC_WARN_ABOUT_RETURN_TYPE = YES_ERROR;
				GCC_WARN_UNDECLARED_SELECTOR = YES;
				GCC_WARN_UNINITIALIZED_AUTOS = YES_AGGRESSIVE;
				GCC_WARN_UNUSED_FUNCTION = YES;
				GCC_WARN_UNUSED_VARIABLE = YES;
				IPHONEOS_DEPLOYMENT_TARGET = 14.0;
				MTL_ENABLE_DEBUG_INFO = NO;
				MTL_FAST_MATH = YES;
				SDKROOT = iphoneos;
				SWIFT_COMPILATION_MODE = wholemodule;
				SWIFT_OPTIMIZATION_LEVEL = "-O";
				VALIDATE_PRODUCT = YES;
			};
			name = Release;
		};
		F6AE05D4295380F70031021A /* Debug */ = {
			isa = XCBuildConfiguration;
			buildSettings = {
				ASSETCATALOG_COMPILER_APPICON_NAME = AppIcon;
				ASSETCATALOG_COMPILER_GLOBAL_ACCENT_COLOR_NAME = AccentColor;
				CODE_SIGN_STYLE = Automatic;
				CURRENT_PROJECT_VERSION = 1;
				DEVELOPMENT_TEAM = S23LM2WU5J;
				GENERATE_INFOPLIST_FILE = YES;
				INFOPLIST_FILE = SnapshotTests/Info.plist;
				INFOPLIST_KEY_UIApplicationSupportsIndirectInputEvents = YES;
				INFOPLIST_KEY_UILaunchStoryboardName = LaunchScreen;
				INFOPLIST_KEY_UIMainStoryboardFile = Main;
				INFOPLIST_KEY_UISupportedInterfaceOrientations_iPad = "UIInterfaceOrientationPortrait UIInterfaceOrientationPortraitUpsideDown UIInterfaceOrientationLandscapeLeft UIInterfaceOrientationLandscapeRight";
				INFOPLIST_KEY_UISupportedInterfaceOrientations_iPhone = "UIInterfaceOrientationPortrait UIInterfaceOrientationLandscapeLeft UIInterfaceOrientationLandscapeRight";
				LD_RUNPATH_SEARCH_PATHS = (
					"$(inherited)",
					"@executable_path/Frameworks",
				);
				MARKETING_VERSION = 1.0;
				PRODUCT_BUNDLE_IDENTIFIER = "com.alancasasarevalo-gmail.SnapshotTests";
				PRODUCT_NAME = "$(TARGET_NAME)";
				SWIFT_EMIT_LOC_STRINGS = YES;
				SWIFT_VERSION = 5.0;
				TARGETED_DEVICE_FAMILY = "1,2";
			};
			name = Debug;
		};
		F6AE05D5295380F70031021A /* Release */ = {
			isa = XCBuildConfiguration;
			buildSettings = {
				ASSETCATALOG_COMPILER_APPICON_NAME = AppIcon;
				ASSETCATALOG_COMPILER_GLOBAL_ACCENT_COLOR_NAME = AccentColor;
				CODE_SIGN_STYLE = Automatic;
				CURRENT_PROJECT_VERSION = 1;
				DEVELOPMENT_TEAM = S23LM2WU5J;
				GENERATE_INFOPLIST_FILE = YES;
				INFOPLIST_FILE = SnapshotTests/Info.plist;
				INFOPLIST_KEY_UIApplicationSupportsIndirectInputEvents = YES;
				INFOPLIST_KEY_UILaunchStoryboardName = LaunchScreen;
				INFOPLIST_KEY_UIMainStoryboardFile = Main;
				INFOPLIST_KEY_UISupportedInterfaceOrientations_iPad = "UIInterfaceOrientationPortrait UIInterfaceOrientationPortraitUpsideDown UIInterfaceOrientationLandscapeLeft UIInterfaceOrientationLandscapeRight";
				INFOPLIST_KEY_UISupportedInterfaceOrientations_iPhone = "UIInterfaceOrientationPortrait UIInterfaceOrientationLandscapeLeft UIInterfaceOrientationLandscapeRight";
				LD_RUNPATH_SEARCH_PATHS = (
					"$(inherited)",
					"@executable_path/Frameworks",
				);
				MARKETING_VERSION = 1.0;
				PRODUCT_BUNDLE_IDENTIFIER = "com.alancasasarevalo-gmail.SnapshotTests";
				PRODUCT_NAME = "$(TARGET_NAME)";
				SWIFT_EMIT_LOC_STRINGS = YES;
				SWIFT_VERSION = 5.0;
				TARGETED_DEVICE_FAMILY = "1,2";
			};
			name = Release;
		};
		F6AE05E3295381C10031021A /* Debug */ = {
			isa = XCBuildConfiguration;
			buildSettings = {
				BUNDLE_LOADER = "$(TEST_HOST)";
				CODE_SIGN_STYLE = Automatic;
				CURRENT_PROJECT_VERSION = 1;
				DEVELOPMENT_TEAM = S23LM2WU5J;
				GENERATE_INFOPLIST_FILE = YES;
				IPHONEOS_DEPLOYMENT_TARGET = 14.0;
				MARKETING_VERSION = 1.0;
				PRODUCT_BUNDLE_IDENTIFIER = "com.alancasasarevalo-gmail.SnapshotTestsTests";
				PRODUCT_NAME = "$(TARGET_NAME)";
				SWIFT_EMIT_LOC_STRINGS = NO;
				SWIFT_VERSION = 5.0;
				TARGETED_DEVICE_FAMILY = "1,2";
				TEST_HOST = "$(BUILT_PRODUCTS_DIR)/SnapshotTests.app/$(BUNDLE_EXECUTABLE_FOLDER_PATH)/SnapshotTests";
			};
			name = Debug;
		};
		F6AE05E4295381C10031021A /* Release */ = {
			isa = XCBuildConfiguration;
			buildSettings = {
				BUNDLE_LOADER = "$(TEST_HOST)";
				CODE_SIGN_STYLE = Automatic;
				CURRENT_PROJECT_VERSION = 1;
				DEVELOPMENT_TEAM = S23LM2WU5J;
				GENERATE_INFOPLIST_FILE = YES;
				IPHONEOS_DEPLOYMENT_TARGET = 14.0;
				MARKETING_VERSION = 1.0;
				PRODUCT_BUNDLE_IDENTIFIER = "com.alancasasarevalo-gmail.SnapshotTestsTests";
				PRODUCT_NAME = "$(TARGET_NAME)";
				SWIFT_EMIT_LOC_STRINGS = NO;
				SWIFT_VERSION = 5.0;
				TARGETED_DEVICE_FAMILY = "1,2";
				TEST_HOST = "$(BUILT_PRODUCTS_DIR)/SnapshotTests.app/$(BUNDLE_EXECUTABLE_FOLDER_PATH)/SnapshotTests";
			};
			name = Release;
		};
/* End XCBuildConfiguration section */

/* Begin XCConfigurationList section */
		F6AE05BA295380F50031021A /* Build configuration list for PBXProject "SnapshotTests" */ = {
			isa = XCConfigurationList;
			buildConfigurations = (
				F6AE05D1295380F70031021A /* Debug */,
				F6AE05D2295380F70031021A /* Release */,
			);
			defaultConfigurationIsVisible = 0;
			defaultConfigurationName = Release;
		};
		F6AE05D3295380F70031021A /* Build configuration list for PBXNativeTarget "SnapshotTests" */ = {
			isa = XCConfigurationList;
			buildConfigurations = (
				F6AE05D4295380F70031021A /* Debug */,
				F6AE05D5295380F70031021A /* Release */,
			);
			defaultConfigurationIsVisible = 0;
			defaultConfigurationName = Release;
		};
		F6AE05E2295381C10031021A /* Build configuration list for PBXNativeTarget "SnapshotTestsTests" */ = {
			isa = XCConfigurationList;
			buildConfigurations = (
				F6AE05E3295381C10031021A /* Debug */,
				F6AE05E4295381C10031021A /* Release */,
			);
			defaultConfigurationIsVisible = 0;
			defaultConfigurationName = Release;
		};
/* End XCConfigurationList section */
	};
	rootObject = F6AE05B7295380F50031021A /* Project object */;
}
